github.com/golang-jwt/jwt v3.2.2+incompatible h1:IfV12K8xAKAnZqdXVzCZ+TOjboZ2keLg81eXfW3O+oY=
github.com/golang-jwt/jwt v3.2.2+incompatible/go.mod h1:8pz2t5EyA70fFQQSrl6XZXzqecmYZeUEB8OUGHkxJ+I=
github.com/orcaman/concurrent-map v0.0.0-20210501183033-44dafcb38ecc h1:Ak86L+yDSOzKFa7WM5bf5itSOo1e3Xh8bm5YCMUXIjQ=
github.com/orcaman/concurrent-map v0.0.0-20210501183033-44dafcb38ecc/go.mod h1:Lu3tH6HLW3feq74c2GC+jIMS/K2CFcDWnWD9XkenwhI=
